// !$*UTF8*$!
{
	archiveVersion = 1;
	classes = {
	};
	objectVersion = 56;
	objects = {

/* Begin PBXBuildFile section */
		297A7AC52AC67C510014F0C4 /* TC2007BRetoBancoApp.swift in Sources */ = {isa = PBXBuildFile; fileRef = 297A7AC42AC67C510014F0C4 /* TC2007BRetoBancoApp.swift */; };
		297A7AC92AC67C520014F0C4 /* Assets.xcassets in Resources */ = {isa = PBXBuildFile; fileRef = 297A7AC82AC67C520014F0C4 /* Assets.xcassets */; };
		297A7ACC2AC67C520014F0C4 /* Preview Assets.xcassets in Resources */ = {isa = PBXBuildFile; fileRef = 297A7ACB2AC67C520014F0C4 /* Preview Assets.xcassets */; };
		297A7AD62AC67C520014F0C4 /* TC2007BRetoBancoTests.swift in Sources */ = {isa = PBXBuildFile; fileRef = 297A7AD52AC67C520014F0C4 /* TC2007BRetoBancoTests.swift */; };
		297A7AE02AC67C520014F0C4 /* TC2007BRetoBancoUITests.swift in Sources */ = {isa = PBXBuildFile; fileRef = 297A7ADF2AC67C520014F0C4 /* TC2007BRetoBancoUITests.swift */; };
		297A7AE22AC67C520014F0C4 /* TC2007BRetoBancoUITestsLaunchTests.swift in Sources */ = {isa = PBXBuildFile; fileRef = 297A7AE12AC67C520014F0C4 /* TC2007BRetoBancoUITestsLaunchTests.swift */; };
		9B1ADF2F2AC7C4F500422673 /* viewAltaBeneficiarios.swift in Sources */ = {isa = PBXBuildFile; fileRef = 9B1ADF2E2AC7C4F500422673 /* viewAltaBeneficiarios.swift */; };
		9B4EA3112ACF89D80056B0DD /* ContentView.swift in Sources */ = {isa = PBXBuildFile; fileRef = 9B4EA3102ACF89D80056B0DD /* ContentView.swift */; };
		9B4EA31F2ACF8A800056B0DD /* HomeView.swift in Sources */ = {isa = PBXBuildFile; fileRef = 9B4EA31C2ACF8A7F0056B0DD /* HomeView.swift */; };
		9B4EA3202ACF8A800056B0DD /* TitleBar.swift in Sources */ = {isa = PBXBuildFile; fileRef = 9B4EA31D2ACF8A7F0056B0DD /* TitleBar.swift */; };
		9B4EA3212ACF8A800056B0DD /* NavBar.swift in Sources */ = {isa = PBXBuildFile; fileRef = 9B4EA31E2ACF8A800056B0DD /* NavBar.swift */; };
		9B4EA3222ACF8AA60056B0DD /* TitleBar.swift in Sources */ = {isa = PBXBuildFile; fileRef = 9B4EA3192ACF8A6F0056B0DD /* TitleBar.swift */; };
		9B4EA3232ACF8AA60056B0DD /* HomeView.swift in Sources */ = {isa = PBXBuildFile; fileRef = 9B4EA31B2ACF8A700056B0DD /* HomeView.swift */; };
		9B4EA3242ACF8AA60056B0DD /* NavBar.swift in Sources */ = {isa = PBXBuildFile; fileRef = 9B4EA31A2ACF8A6F0056B0DD /* NavBar.swift */; };
/* End PBXBuildFile section */

/* Begin PBXContainerItemProxy section */
		297A7AD22AC67C520014F0C4 /* PBXContainerItemProxy */ = {
			isa = PBXContainerItemProxy;
			containerPortal = 297A7AB92AC67C510014F0C4 /* Project object */;
			proxyType = 1;
			remoteGlobalIDString = 297A7AC02AC67C510014F0C4;
			remoteInfo = TC2007BRetoBanco;
		};
		297A7ADC2AC67C520014F0C4 /* PBXContainerItemProxy */ = {
			isa = PBXContainerItemProxy;
			containerPortal = 297A7AB92AC67C510014F0C4 /* Project object */;
			proxyType = 1;
			remoteGlobalIDString = 297A7AC02AC67C510014F0C4;
			remoteInfo = TC2007BRetoBanco;
		};
/* End PBXContainerItemProxy section */

/* Begin PBXFileReference section */
		297A7AC12AC67C510014F0C4 /* TC2007BRetoBanco.app */ = {isa = PBXFileReference; explicitFileType = wrapper.application; includeInIndex = 0; path = TC2007BRetoBanco.app; sourceTree = BUILT_PRODUCTS_DIR; };
		297A7AC42AC67C510014F0C4 /* TC2007BRetoBancoApp.swift */ = {isa = PBXFileReference; lastKnownFileType = sourcecode.swift; path = TC2007BRetoBancoApp.swift; sourceTree = "<group>"; };
		297A7AC82AC67C520014F0C4 /* Assets.xcassets */ = {isa = PBXFileReference; lastKnownFileType = folder.assetcatalog; path = Assets.xcassets; sourceTree = "<group>"; };
		297A7ACB2AC67C520014F0C4 /* Preview Assets.xcassets */ = {isa = PBXFileReference; lastKnownFileType = folder.assetcatalog; path = "Preview Assets.xcassets"; sourceTree = "<group>"; };
		297A7AD12AC67C520014F0C4 /* TC2007BRetoBancoTests.xctest */ = {isa = PBXFileReference; explicitFileType = wrapper.cfbundle; includeInIndex = 0; path = TC2007BRetoBancoTests.xctest; sourceTree = BUILT_PRODUCTS_DIR; };
		297A7AD52AC67C520014F0C4 /* TC2007BRetoBancoTests.swift */ = {isa = PBXFileReference; lastKnownFileType = sourcecode.swift; path = TC2007BRetoBancoTests.swift; sourceTree = "<group>"; };
		297A7ADB2AC67C520014F0C4 /* TC2007BRetoBancoUITests.xctest */ = {isa = PBXFileReference; explicitFileType = wrapper.cfbundle; includeInIndex = 0; path = TC2007BRetoBancoUITests.xctest; sourceTree = BUILT_PRODUCTS_DIR; };
		297A7ADF2AC67C520014F0C4 /* TC2007BRetoBancoUITests.swift */ = {isa = PBXFileReference; lastKnownFileType = sourcecode.swift; path = TC2007BRetoBancoUITests.swift; sourceTree = "<group>"; };
		297A7AE12AC67C520014F0C4 /* TC2007BRetoBancoUITestsLaunchTests.swift */ = {isa = PBXFileReference; lastKnownFileType = sourcecode.swift; path = TC2007BRetoBancoUITestsLaunchTests.swift; sourceTree = "<group>"; };
		9B1ADF2E2AC7C4F500422673 /* viewAltaBeneficiarios.swift */ = {isa = PBXFileReference; lastKnownFileType = sourcecode.swift; path = viewAltaBeneficiarios.swift; sourceTree = "<group>"; };
		9B4EA3102ACF89D80056B0DD /* ContentView.swift */ = {isa = PBXFileReference; lastKnownFileType = sourcecode.swift; name = ContentView.swift; path = ../../../Desktop/Home/Home/ContentView.swift; sourceTree = "<group>"; };
		9B4EA3192ACF8A6F0056B0DD /* TitleBar.swift */ = {isa = PBXFileReference; lastKnownFileType = sourcecode.swift; path = TitleBar.swift; sourceTree = "<group>"; };
		9B4EA31A2ACF8A6F0056B0DD /* NavBar.swift */ = {isa = PBXFileReference; lastKnownFileType = sourcecode.swift; path = NavBar.swift; sourceTree = "<group>"; };
		9B4EA31B2ACF8A700056B0DD /* HomeView.swift */ = {isa = PBXFileReference; lastKnownFileType = sourcecode.swift; path = HomeView.swift; sourceTree = "<group>"; };
		9B4EA31C2ACF8A7F0056B0DD /* HomeView.swift */ = {isa = PBXFileReference; lastKnownFileType = sourcecode.swift; path = HomeView.swift; sourceTree = "<group>"; };
		9B4EA31D2ACF8A7F0056B0DD /* TitleBar.swift */ = {isa = PBXFileReference; lastKnownFileType = sourcecode.swift; path = TitleBar.swift; sourceTree = "<group>"; };
		9B4EA31E2ACF8A800056B0DD /* NavBar.swift */ = {isa = PBXFileReference; lastKnownFileType = sourcecode.swift; path = NavBar.swift; sourceTree = "<group>"; };
/* End PBXFileReference section */

/* Begin PBXFrameworksBuildPhase section */
		297A7ABE2AC67C510014F0C4 /* Frameworks */ = {
			isa = PBXFrameworksBuildPhase;
			buildActionMask = 2147483647;
			files = (
			);
			runOnlyForDeploymentPostprocessing = 0;
		};
		297A7ACE2AC67C520014F0C4 /* Frameworks */ = {
			isa = PBXFrameworksBuildPhase;
			buildActionMask = 2147483647;
			files = (
			);
			runOnlyForDeploymentPostprocessing = 0;
		};
		297A7AD82AC67C520014F0C4 /* Frameworks */ = {
			isa = PBXFrameworksBuildPhase;
			buildActionMask = 2147483647;
			files = (
			);
			runOnlyForDeploymentPostprocessing = 0;
		};
/* End PBXFrameworksBuildPhase section */

/* Begin PBXGroup section */
		297A7AB82AC67C510014F0C4 = {
			isa = PBXGroup;
			children = (
				297A7AC32AC67C510014F0C4 /* TC2007BRetoBanco */,
				297A7AD42AC67C520014F0C4 /* TC2007BRetoBancoTests */,
				297A7ADE2AC67C520014F0C4 /* TC2007BRetoBancoUITests */,
				297A7AC22AC67C510014F0C4 /* Products */,
			);
			sourceTree = "<group>";
		};
		297A7AC22AC67C510014F0C4 /* Products */ = {
			isa = PBXGroup;
			children = (
				297A7AC12AC67C510014F0C4 /* TC2007BRetoBanco.app */,
				297A7AD12AC67C520014F0C4 /* TC2007BRetoBancoTests.xctest */,
				297A7ADB2AC67C520014F0C4 /* TC2007BRetoBancoUITests.xctest */,
			);
			name = Products;
			sourceTree = "<group>";
		};
		297A7AC32AC67C510014F0C4 /* TC2007BRetoBanco */ = {
			isa = PBXGroup;
			children = (
				9B1ADF2E2AC7C4F500422673 /* viewAltaBeneficiarios.swift */,
				297A7AC42AC67C510014F0C4 /* TC2007BRetoBancoApp.swift */,
				9B4EA3102ACF89D80056B0DD /* ContentView.swift */,
				9B4EA31B2ACF8A700056B0DD /* HomeView.swift */,
				9B4EA3192ACF8A6F0056B0DD /* TitleBar.swift */,
				9B4EA31A2ACF8A6F0056B0DD /* NavBar.swift */,
				297A7AC82AC67C520014F0C4 /* Assets.xcassets */,
				297A7ACA2AC67C520014F0C4 /* Preview Content */,
			);
			path = TC2007BRetoBanco;
			sourceTree = "<group>";
		};
		297A7ACA2AC67C520014F0C4 /* Preview Content */ = {
			isa = PBXGroup;
			children = (
				297A7ACB2AC67C520014F0C4 /* Preview Assets.xcassets */,
			);
			path = "Preview Content";
			sourceTree = "<group>";
		};
		297A7AD42AC67C520014F0C4 /* TC2007BRetoBancoTests */ = {
			isa = PBXGroup;
			children = (
				297A7AD52AC67C520014F0C4 /* TC2007BRetoBancoTests.swift */,
			);
			path = TC2007BRetoBancoTests;
			sourceTree = "<group>";
		};
		297A7ADE2AC67C520014F0C4 /* TC2007BRetoBancoUITests */ = {
			isa = PBXGroup;
			children = (
				9B4EA31C2ACF8A7F0056B0DD /* HomeView.swift */,
				9B4EA31D2ACF8A7F0056B0DD /* TitleBar.swift */,
				9B4EA31E2ACF8A800056B0DD /* NavBar.swift */,
				297A7ADF2AC67C520014F0C4 /* TC2007BRetoBancoUITests.swift */,
				297A7AE12AC67C520014F0C4 /* TC2007BRetoBancoUITestsLaunchTests.swift */,
			);
			path = TC2007BRetoBancoUITests;
			sourceTree = "<group>";
		};
/* End PBXGroup section */

/* Begin PBXNativeTarget section */
		297A7AC02AC67C510014F0C4 /* TC2007BRetoBanco */ = {
			isa = PBXNativeTarget;
			buildConfigurationList = 297A7AE52AC67C520014F0C4 /* Build configuration list for PBXNativeTarget "TC2007BRetoBanco" */;
			buildPhases = (
				297A7ABD2AC67C510014F0C4 /* Sources */,
				297A7ABE2AC67C510014F0C4 /* Frameworks */,
				297A7ABF2AC67C510014F0C4 /* Resources */,
			);
			buildRules = (
			);
			dependencies = (
			);
			name = TC2007BRetoBanco;
			productName = TC2007BRetoBanco;
			productReference = 297A7AC12AC67C510014F0C4 /* TC2007BRetoBanco.app */;
			productType = "com.apple.product-type.application";
		};
		297A7AD02AC67C520014F0C4 /* TC2007BRetoBancoTests */ = {
			isa = PBXNativeTarget;
			buildConfigurationList = 297A7AE82AC67C520014F0C4 /* Build configuration list for PBXNativeTarget "TC2007BRetoBancoTests" */;
			buildPhases = (
				297A7ACD2AC67C520014F0C4 /* Sources */,
				297A7ACE2AC67C520014F0C4 /* Frameworks */,
				297A7ACF2AC67C520014F0C4 /* Resources */,
			);
			buildRules = (
			);
			dependencies = (
				297A7AD32AC67C520014F0C4 /* PBXTargetDependency */,
			);
			name = TC2007BRetoBancoTests;
			productName = TC2007BRetoBancoTests;
			productReference = 297A7AD12AC67C520014F0C4 /* TC2007BRetoBancoTests.xctest */;
			productType = "com.apple.product-type.bundle.unit-test";
		};
		297A7ADA2AC67C520014F0C4 /* TC2007BRetoBancoUITests */ = {
			isa = PBXNativeTarget;
			buildConfigurationList = 297A7AEB2AC67C520014F0C4 /* Build configuration list for PBXNativeTarget "TC2007BRetoBancoUITests" */;
			buildPhases = (
				297A7AD72AC67C520014F0C4 /* Sources */,
				297A7AD82AC67C520014F0C4 /* Frameworks */,
				297A7AD92AC67C520014F0C4 /* Resources */,
			);
			buildRules = (
			);
			dependencies = (
				297A7ADD2AC67C520014F0C4 /* PBXTargetDependency */,
			);
			name = TC2007BRetoBancoUITests;
			productName = TC2007BRetoBancoUITests;
			productReference = 297A7ADB2AC67C520014F0C4 /* TC2007BRetoBancoUITests.xctest */;
			productType = "com.apple.product-type.bundle.ui-testing";
		};
/* End PBXNativeTarget section */

/* Begin PBXProject section */
		297A7AB92AC67C510014F0C4 /* Project object */ = {
			isa = PBXProject;
			attributes = {
				BuildIndependentTargetsInParallel = 1;
				LastSwiftUpdateCheck = 1500;
				LastUpgradeCheck = 1500;
				TargetAttributes = {
					297A7AC02AC67C510014F0C4 = {
						CreatedOnToolsVersion = 15.0;
					};
					297A7AD02AC67C520014F0C4 = {
						CreatedOnToolsVersion = 15.0;
						TestTargetID = 297A7AC02AC67C510014F0C4;
					};
					297A7ADA2AC67C520014F0C4 = {
						CreatedOnToolsVersion = 15.0;
						TestTargetID = 297A7AC02AC67C510014F0C4;
					};
				};
			};
			buildConfigurationList = 297A7ABC2AC67C510014F0C4 /* Build configuration list for PBXProject "TC2007BRetoBanco" */;
			compatibilityVersion = "Xcode 14.0";
			developmentRegion = en;
			hasScannedForEncodings = 0;
			knownRegions = (
				en,
				Base,
			);
			mainGroup = 297A7AB82AC67C510014F0C4;
			productRefGroup = 297A7AC22AC67C510014F0C4 /* Products */;
			projectDirPath = "";
			projectRoot = "";
			targets = (
				297A7AC02AC67C510014F0C4 /* TC2007BRetoBanco */,
				297A7AD02AC67C520014F0C4 /* TC2007BRetoBancoTests */,
				297A7ADA2AC67C520014F0C4 /* TC2007BRetoBancoUITests */,
			);
		};
/* End PBXProject section */

/* Begin PBXResourcesBuildPhase section */
		297A7ABF2AC67C510014F0C4 /* Resources */ = {
			isa = PBXResourcesBuildPhase;
			buildActionMask = 2147483647;
			files = (
				297A7ACC2AC67C520014F0C4 /* Preview Assets.xcassets in Resources */,
				297A7AC92AC67C520014F0C4 /* Assets.xcassets in Resources */,
			);
			runOnlyForDeploymentPostprocessing = 0;
		};
		297A7ACF2AC67C520014F0C4 /* Resources */ = {
			isa = PBXResourcesBuildPhase;
			buildActionMask = 2147483647;
			files = (
			);
			runOnlyForDeploymentPostprocessing = 0;
		};
		297A7AD92AC67C520014F0C4 /* Resources */ = {
			isa = PBXResourcesBuildPhase;
			buildActionMask = 2147483647;
			files = (
			);
			runOnlyForDeploymentPostprocessing = 0;
		};
/* End PBXResourcesBuildPhase section */

/* Begin PBXSourcesBuildPhase section */
		297A7ABD2AC67C510014F0C4 /* Sources */ = {
			isa = PBXSourcesBuildPhase;
			buildActionMask = 2147483647;
			files = (
				9B4EA3222ACF8AA60056B0DD /* TitleBar.swift in Sources */,
				297A7AC52AC67C510014F0C4 /* TC2007BRetoBancoApp.swift in Sources */,
				9B1ADF2F2AC7C4F500422673 /* viewAltaBeneficiarios.swift in Sources */,
				9B4EA3232ACF8AA60056B0DD /* HomeView.swift in Sources */,
				9B4EA3112ACF89D80056B0DD /* ContentView.swift in Sources */,
				9B4EA3242ACF8AA60056B0DD /* NavBar.swift in Sources */,
			);
			runOnlyForDeploymentPostprocessing = 0;
		};
		297A7ACD2AC67C520014F0C4 /* Sources */ = {
			isa = PBXSourcesBuildPhase;
			buildActionMask = 2147483647;
			files = (
				297A7AD62AC67C520014F0C4 /* TC2007BRetoBancoTests.swift in Sources */,
			);
			runOnlyForDeploymentPostprocessing = 0;
		};
		297A7AD72AC67C520014F0C4 /* Sources */ = {
			isa = PBXSourcesBuildPhase;
			buildActionMask = 2147483647;
			files = (
				9B4EA3212ACF8A800056B0DD /* NavBar.swift in Sources */,
				9B4EA3202ACF8A800056B0DD /* TitleBar.swift in Sources */,
				9B4EA31F2ACF8A800056B0DD /* HomeView.swift in Sources */,
				297A7AE02AC67C520014F0C4 /* TC2007BRetoBancoUITests.swift in Sources */,
				297A7AE22AC67C520014F0C4 /* TC2007BRetoBancoUITestsLaunchTests.swift in Sources */,
			);
			runOnlyForDeploymentPostprocessing = 0;
		};
/* End PBXSourcesBuildPhase section */

/* Begin PBXTargetDependency section */
		297A7AD32AC67C520014F0C4 /* PBXTargetDependency */ = {
			isa = PBXTargetDependency;
			target = 297A7AC02AC67C510014F0C4 /* TC2007BRetoBanco */;
			targetProxy = 297A7AD22AC67C520014F0C4 /* PBXContainerItemProxy */;
		};
		297A7ADD2AC67C520014F0C4 /* PBXTargetDependency */ = {
			isa = PBXTargetDependency;
			target = 297A7AC02AC67C510014F0C4 /* TC2007BRetoBanco */;
			targetProxy = 297A7ADC2AC67C520014F0C4 /* PBXContainerItemProxy */;
		};
/* End PBXTargetDependency section */

/* Begin XCBuildConfiguration section */
		297A7AE32AC67C520014F0C4 /* Debug */ = {
			isa = XCBuildConfiguration;
			buildSettings = {
				ALWAYS_SEARCH_USER_PATHS = NO;
				ASSETCATALOG_COMPILER_GENERATE_SWIFT_ASSET_SYMBOL_EXTENSIONS = YES;
				CLANG_ANALYZER_NONNULL = YES;
				CLANG_ANALYZER_NUMBER_OBJECT_CONVERSION = YES_AGGRESSIVE;
				CLANG_CXX_LANGUAGE_STANDARD = "gnu++20";
				CLANG_ENABLE_MODULES = YES;
				CLANG_ENABLE_OBJC_ARC = YES;
				CLANG_ENABLE_OBJC_WEAK = YES;
				CLANG_WARN_BLOCK_CAPTURE_AUTORELEASING = YES;
				CLANG_WARN_BOOL_CONVERSION = YES;
				CLANG_WARN_COMMA = YES;
				CLANG_WARN_CONSTANT_CONVERSION = YES;
				CLANG_WARN_DEPRECATED_OBJC_IMPLEMENTATIONS = YES;
				CLANG_WARN_DIRECT_OBJC_ISA_USAGE = YES_ERROR;
				CLANG_WARN_DOCUMENTATION_COMMENTS = YES;
				CLANG_WARN_EMPTY_BODY = YES;
				CLANG_WARN_ENUM_CONVERSION = YES;
				CLANG_WARN_INFINITE_RECURSION = YES;
				CLANG_WARN_INT_CONVERSION = YES;
				CLANG_WARN_NON_LITERAL_NULL_CONVERSION = YES;
				CLANG_WARN_OBJC_IMPLICIT_RETAIN_SELF = YES;
				CLANG_WARN_OBJC_LITERAL_CONVERSION = YES;
				CLANG_WARN_OBJC_ROOT_CLASS = YES_ERROR;
				CLANG_WARN_QUOTED_INCLUDE_IN_FRAMEWORK_HEADER = YES;
				CLANG_WARN_RANGE_LOOP_ANALYSIS = YES;
				CLANG_WARN_STRICT_PROTOTYPES = YES;
				CLANG_WARN_SUSPICIOUS_MOVE = YES;
				CLANG_WARN_UNGUARDED_AVAILABILITY = YES_AGGRESSIVE;
				CLANG_WARN_UNREACHABLE_CODE = YES;
				CLANG_WARN__DUPLICATE_METHOD_MATCH = YES;
				COPY_PHASE_STRIP = NO;
				DEBUG_INFORMATION_FORMAT = dwarf;
				ENABLE_STRICT_OBJC_MSGSEND = YES;
				ENABLE_TESTABILITY = YES;
				ENABLE_USER_SCRIPT_SANDBOXING = YES;
				GCC_C_LANGUAGE_STANDARD = gnu17;
				GCC_DYNAMIC_NO_PIC = NO;
				GCC_NO_COMMON_BLOCKS = YES;
				GCC_OPTIMIZATION_LEVEL = 0;
				GCC_PREPROCESSOR_DEFINITIONS = (
					"DEBUG=1",
					"$(inherited)",
				);
				GCC_WARN_64_TO_32_BIT_CONVERSION = YES;
				GCC_WARN_ABOUT_RETURN_TYPE = YES_ERROR;
				GCC_WARN_UNDECLARED_SELECTOR = YES;
				GCC_WARN_UNINITIALIZED_AUTOS = YES_AGGRESSIVE;
				GCC_WARN_UNUSED_FUNCTION = YES;
				GCC_WARN_UNUSED_VARIABLE = YES;
				IPHONEOS_DEPLOYMENT_TARGET = 17.0;
				LOCALIZATION_PREFERS_STRING_CATALOGS = YES;
				MTL_ENABLE_DEBUG_INFO = INCLUDE_SOURCE;
				MTL_FAST_MATH = YES;
				ONLY_ACTIVE_ARCH = YES;
				SDKROOT = iphoneos;
				SWIFT_ACTIVE_COMPILATION_CONDITIONS = "DEBUG $(inherited)";
				SWIFT_OPTIMIZATION_LEVEL = "-Onone";
			};
			name = Debug;
		};
		297A7AE42AC67C520014F0C4 /* Release */ = {
			isa = XCBuildConfiguration;
			buildSettings = {
				ALWAYS_SEARCH_USER_PATHS = NO;
				ASSETCATALOG_COMPILER_GENERATE_SWIFT_ASSET_SYMBOL_EXTENSIONS = YES;
				CLANG_ANALYZER_NONNULL = YES;
				CLANG_ANALYZER_NUMBER_OBJECT_CONVERSION = YES_AGGRESSIVE;
				CLANG_CXX_LANGUAGE_STANDARD = "gnu++20";
				CLANG_ENABLE_MODULES = YES;
				CLANG_ENABLE_OBJC_ARC = YES;
				CLANG_ENABLE_OBJC_WEAK = YES;
				CLANG_WARN_BLOCK_CAPTURE_AUTORELEASING = YES;
				CLANG_WARN_BOOL_CONVERSION = YES;
				CLANG_WARN_COMMA = YES;
				CLANG_WARN_CONSTANT_CONVERSION = YES;
				CLANG_WARN_DEPRECATED_OBJC_IMPLEMENTATIONS = YES;
				CLANG_WARN_DIRECT_OBJC_ISA_USAGE = YES_ERROR;
				CLANG_WARN_DOCUMENTATION_COMMENTS = YES;
				CLANG_WARN_EMPTY_BODY = YES;
				CLANG_WARN_ENUM_CONVERSION = YES;
				CLANG_WARN_INFINITE_RECURSION = YES;
				CLANG_WARN_INT_CONVERSION = YES;
				CLANG_WARN_NON_LITERAL_NULL_CONVERSION = YES;
				CLANG_WARN_OBJC_IMPLICIT_RETAIN_SELF = YES;
				CLANG_WARN_OBJC_LITERAL_CONVERSION = YES;
				CLANG_WARN_OBJC_ROOT_CLASS = YES_ERROR;
				CLANG_WARN_QUOTED_INCLUDE_IN_FRAMEWORK_HEADER = YES;
				CLANG_WARN_RANGE_LOOP_ANALYSIS = YES;
				CLANG_WARN_STRICT_PROTOTYPES = YES;
				CLANG_WARN_SUSPICIOUS_MOVE = YES;
				CLANG_WARN_UNGUARDED_AVAILABILITY = YES_AGGRESSIVE;
				CLANG_WARN_UNREACHABLE_CODE = YES;
				CLANG_WARN__DUPLICATE_METHOD_MATCH = YES;
				COPY_PHASE_STRIP = NO;
				DEBUG_INFORMATION_FORMAT = "dwarf-with-dsym";
				ENABLE_NS_ASSERTIONS = NO;
				ENABLE_STRICT_OBJC_MSGSEND = YES;
				ENABLE_USER_SCRIPT_SANDBOXING = YES;
				GCC_C_LANGUAGE_STANDARD = gnu17;
				GCC_NO_COMMON_BLOCKS = YES;
				GCC_WARN_64_TO_32_BIT_CONVERSION = YES;
				GCC_WARN_ABOUT_RETURN_TYPE = YES_ERROR;
				GCC_WARN_UNDECLARED_SELECTOR = YES;
				GCC_WARN_UNINITIALIZED_AUTOS = YES_AGGRESSIVE;
				GCC_WARN_UNUSED_FUNCTION = YES;
				GCC_WARN_UNUSED_VARIABLE = YES;
				IPHONEOS_DEPLOYMENT_TARGET = 17.0;
				LOCALIZATION_PREFERS_STRING_CATALOGS = YES;
				MTL_ENABLE_DEBUG_INFO = NO;
				MTL_FAST_MATH = YES;
				SDKROOT = iphoneos;
				SWIFT_COMPILATION_MODE = wholemodule;
				VALIDATE_PRODUCT = YES;
			};
			name = Release;
		};
		297A7AE62AC67C520014F0C4 /* Debug */ = {
			isa = XCBuildConfiguration;
			buildSettings = {
				ASSETCATALOG_COMPILER_APPICON_NAME = AppIcon;
				ASSETCATALOG_COMPILER_GLOBAL_ACCENT_COLOR_NAME = AccentColor;
				CODE_SIGN_STYLE = Automatic;
				CURRENT_PROJECT_VERSION = 1;
				DEVELOPMENT_ASSET_PATHS = "\"TC2007BRetoBanco/Preview Content\"";
				ENABLE_PREVIEWS = YES;
				GENERATE_INFOPLIST_FILE = YES;
				INFOPLIST_KEY_UIApplicationSceneManifest_Generation = YES;
				INFOPLIST_KEY_UIApplicationSupportsIndirectInputEvents = YES;
				INFOPLIST_KEY_UILaunchScreen_Generation = YES;
				INFOPLIST_KEY_UISupportedInterfaceOrientations_iPad = "UIInterfaceOrientationPortrait UIInterfaceOrientationPortraitUpsideDown UIInterfaceOrientationLandscapeLeft UIInterfaceOrientationLandscapeRight";
				INFOPLIST_KEY_UISupportedInterfaceOrientations_iPhone = "UIInterfaceOrientationPortrait UIInterfaceOrientationLandscapeLeft UIInterfaceOrientationLandscapeRight";
				IPHONEOS_DEPLOYMENT_TARGET = 16.0;
				LD_RUNPATH_SEARCH_PATHS = (
					"$(inherited)",
					"@executable_path/Frameworks",
				);
				MARKETING_VERSION = 1.0;
				PRODUCT_BUNDLE_IDENTIFIER = S.TC2007BRetoBanco;
				PRODUCT_NAME = "$(TARGET_NAME)";
				SWIFT_EMIT_LOC_STRINGS = YES;
				SWIFT_VERSION = 5.0;
				TARGETED_DEVICE_FAMILY = "1,2";
			};
			name = Debug;
		};
		297A7AE72AC67C520014F0C4 /* Release */ = {
			isa = XCBuildConfiguration;
			buildSettings = {
				ASSETCATALOG_COMPILER_APPICON_NAME = AppIcon;
				ASSETCATALOG_COMPILER_GLOBAL_ACCENT_COLOR_NAME = AccentColor;
				CODE_SIGN_STYLE = Automatic;
				CURRENT_PROJECT_VERSION = 1;
				DEVELOPMENT_ASSET_PATHS = "\"TC2007BRetoBanco/Preview Content\"";
				ENABLE_PREVIEWS = YES;
				GENERATE_INFOPLIST_FILE = YES;
				INFOPLIST_KEY_UIApplicationSceneManifest_Generation = YES;
				INFOPLIST_KEY_UIApplicationSupportsIndirectInputEvents = YES;
				INFOPLIST_KEY_UILaunchScreen_Generation = YES;
				INFOPLIST_KEY_UISupportedInterfaceOrientations_iPad = "UIInterfaceOrientationPortrait UIInterfaceOrientationPortraitUpsideDown UIInterfaceOrientationLandscapeLeft UIInterfaceOrientationLandscapeRight";
				INFOPLIST_KEY_UISupportedInterfaceOrientations_iPhone = "UIInterfaceOrientationPortrait UIInterfaceOrientationLandscapeLeft UIInterfaceOrientationLandscapeRight";
				IPHONEOS_DEPLOYMENT_TARGET = 16.0;
				LD_RUNPATH_SEARCH_PATHS = (
					"$(inherited)",
					"@executable_path/Frameworks",
				);
				MARKETING_VERSION = 1.0;
				PRODUCT_BUNDLE_IDENTIFIER = S.TC2007BRetoBanco;
				PRODUCT_NAME = "$(TARGET_NAME)";
				SWIFT_EMIT_LOC_STRINGS = YES;
				SWIFT_VERSION = 5.0;
				TARGETED_DEVICE_FAMILY = "1,2";
			};
			name = Release;
		};
		297A7AE92AC67C520014F0C4 /* Debug */ = {
			isa = XCBuildConfiguration;
			buildSettings = {
				ALWAYS_EMBED_SWIFT_STANDARD_LIBRARIES = YES;
				BUNDLE_LOADER = "$(TEST_HOST)";
				CODE_SIGN_STYLE = Automatic;
				CURRENT_PROJECT_VERSION = 1;
				GENERATE_INFOPLIST_FILE = YES;
				IPHONEOS_DEPLOYMENT_TARGET = 17.0;
				MARKETING_VERSION = 1.0;
				PRODUCT_BUNDLE_IDENTIFIER = S.TC2007BRetoBancoTests;
				PRODUCT_NAME = "$(TARGET_NAME)";
				SWIFT_EMIT_LOC_STRINGS = NO;
				SWIFT_VERSION = 5.0;
				TARGETED_DEVICE_FAMILY = "1,2";
				TEST_HOST = "$(BUILT_PRODUCTS_DIR)/TC2007BRetoBanco.app/$(BUNDLE_EXECUTABLE_FOLDER_PATH)/TC2007BRetoBanco";
			};
			name = Debug;
		};
		297A7AEA2AC67C520014F0C4 /* Release */ = {
			isa = XCBuildConfiguration;
			buildSettings = {
				ALWAYS_EMBED_SWIFT_STANDARD_LIBRARIES = YES;
				BUNDLE_LOADER = "$(TEST_HOST)";
				CODE_SIGN_STYLE = Automatic;
				CURRENT_PROJECT_VERSION = 1;
				GENERATE_INFOPLIST_FILE = YES;
				IPHONEOS_DEPLOYMENT_TARGET = 17.0;
				MARKETING_VERSION = 1.0;
				PRODUCT_BUNDLE_IDENTIFIER = S.TC2007BRetoBancoTests;
				PRODUCT_NAME = "$(TARGET_NAME)";
				SWIFT_EMIT_LOC_STRINGS = NO;
				SWIFT_VERSION = 5.0;
				TARGETED_DEVICE_FAMILY = "1,2";
				TEST_HOST = "$(BUILT_PRODUCTS_DIR)/TC2007BRetoBanco.app/$(BUNDLE_EXECUTABLE_FOLDER_PATH)/TC2007BRetoBanco";
			};
			name = Release;
		};
		297A7AEC2AC67C520014F0C4 /* Debug */ = {
			isa = XCBuildConfiguration;
			buildSettings = {
				ALWAYS_EMBED_SWIFT_STANDARD_LIBRARIES = YES;
				CODE_SIGN_STYLE = Automatic;
				CURRENT_PROJECT_VERSION = 1;
				GENERATE_INFOPLIST_FILE = YES;
				MARKETING_VERSION = 1.0;
				PRODUCT_BUNDLE_IDENTIFIER = S.TC2007BRetoBancoUITests;
				PRODUCT_NAME = "$(TARGET_NAME)";
				SWIFT_EMIT_LOC_STRINGS = NO;
				SWIFT_VERSION = 5.0;
				TARGETED_DEVICE_FAMILY = "1,2";
				TEST_TARGET_NAME = TC2007BRetoBanco;
			};
			name = Debug;
		};
		297A7AED2AC67C520014F0C4 /* Release */ = {
			isa = XCBuildConfiguration;
			buildSettings = {
				ALWAYS_EMBED_SWIFT_STANDARD_LIBRARIES = YES;
				CODE_SIGN_STYLE = Automatic;
				CURRENT_PROJECT_VERSION = 1;
				GENERATE_INFOPLIST_FILE = YES;
				MARKETING_VERSION = 1.0;
				PRODUCT_BUNDLE_IDENTIFIER = S.TC2007BRetoBancoUITests;
				PRODUCT_NAME = "$(TARGET_NAME)";
				SWIFT_EMIT_LOC_STRINGS = NO;
				SWIFT_VERSION = 5.0;
				TARGETED_DEVICE_FAMILY = "1,2";
				TEST_TARGET_NAME = TC2007BRetoBanco;
			};
			name = Release;
		};
/* End XCBuildConfiguration section */

/* Begin XCConfigurationList section */
		297A7ABC2AC67C510014F0C4 /* Build configuration list for PBXProject "TC2007BRetoBanco" */ = {
			isa = XCConfigurationList;
			buildConfigurations = (
				297A7AE32AC67C520014F0C4 /* Debug */,
				297A7AE42AC67C520014F0C4 /* Release */,
			);
			defaultConfigurationIsVisible = 0;
			defaultConfigurationName = Release;
		};
		297A7AE52AC67C520014F0C4 /* Build configuration list for PBXNativeTarget "TC2007BRetoBanco" */ = {
			isa = XCConfigurationList;
			buildConfigurations = (
				297A7AE62AC67C520014F0C4 /* Debug */,
				297A7AE72AC67C520014F0C4 /* Release */,
			);
			defaultConfigurationIsVisible = 0;
			defaultConfigurationName = Release;
		};
		297A7AE82AC67C520014F0C4 /* Build configuration list for PBXNativeTarget "TC2007BRetoBancoTests" */ = {
			isa = XCConfigurationList;
			buildConfigurations = (
				297A7AE92AC67C520014F0C4 /* Debug */,
				297A7AEA2AC67C520014F0C4 /* Release */,
			);
			defaultConfigurationIsVisible = 0;
			defaultConfigurationName = Release;
		};
		297A7AEB2AC67C520014F0C4 /* Build configuration list for PBXNativeTarget "TC2007BRetoBancoUITests" */ = {
			isa = XCConfigurationList;
			buildConfigurations = (
				297A7AEC2AC67C520014F0C4 /* Debug */,
				297A7AED2AC67C520014F0C4 /* Release */,
			);
			defaultConfigurationIsVisible = 0;
			defaultConfigurationName = Release;
		};
/* End XCConfigurationList section */
	};
	rootObject = 297A7AB92AC67C510014F0C4 /* Project object */;
}
